<?xml version="1.0" encoding="utf-8"?>
<Project ToolsVersion="4.0" xmlns="http://schemas.microsoft.com/developer/msbuild/2003">
  <ItemGroup>
    <Filter Include="gameElements">
      <UniqueIdentifier>{2eb24253-900d-4a79-98db-6d176ac3dc41}</UniqueIdentifier>
    </Filter>
    <Filter Include="states">
      <UniqueIdentifier>{4a131dff-542d-40ce-a7e3-e4600e1ed77d}</UniqueIdentifier>
    </Filter>
    <Filter Include="general">
      <UniqueIdentifier>{cb21c6fc-41b1-4002-bc4e-42340a7619f2}</UniqueIdentifier>
    </Filter>
  </ItemGroup>
  <ItemGroup>
    <ClCompile Include="..\src\game_elements\bullet.cpp">
      <Filter>gameElements</Filter>
    </ClCompile>
    <ClCompile Include="..\src\game_elements\player.cpp">
      <Filter>gameElements</Filter>
    </ClCompile>
    <ClCompile Include="..\src\general\background.cpp">
      <Filter>general</Filter>
    </ClCompile>
    <ClCompile Include="..\src\general\console.cpp">
      <Filter>general</Filter>
    </ClCompile>
    <ClCompile Include="..\src\states\game.cpp">
      <Filter>states</Filter>
    </ClCompile>
    <ClCompile Include="..\src\states\gameOver.cpp">
      <Filter>states</Filter>
    </ClCompile>
    <ClCompile Include="..\src\states\gameplay.cpp">
      <Filter>states</Filter>
    </ClCompile>
    <ClCompile Include="..\src\states\menu.cpp">
      <Filter>states</Filter>
    </ClCompile>
    <ClCompile Include="..\src\main.cpp" />
  </ItemGroup>
  <ItemGroup>
    <ClInclude Include="..\src\game_elements\bullet.h">
      <Filter>gameElements</Filter>
    </ClInclude>
    <ClInclude Include="..\src\game_elements\player.h">
      <Filter>gameElements</Filter>
    </ClInclude>
    <ClInclude Include="..\src\general\background.h">
      <Filter>general</Filter>
    </ClInclude>
    <ClInclude Include="..\src\general\console.h">
      <Filter>general</Filter>
    </ClInclude>
    <ClInclude Include="..\src\states\game.h">
      <Filter>states</Filter>
    </ClInclude>
    <ClInclude Include="..\src\states\gameOver.h">
      <Filter>states</Filter>
    </ClInclude>
    <ClInclude Include="..\src\states\gameplay.h">
      <Filter>states</Filter>
    </ClInclude>
    <ClInclude Include="..\src\states\menu.h">
      <Filter>states</Filter>
    </ClInclude>
  </ItemGroup>
</Project>